// !$*UTF8*$!
{
	archiveVersion = 1;
	classes = {
	};
	objectVersion = 51;
	objects = {

/* Begin PBXBuildFile section */
		987B8F562BFBD4BE962E5916 /* Pods_swifty_companion.framework in Frameworks */ = {isa = PBXBuildFile; fileRef = D3288ACE7CD2690D4F687633 /* Pods_swifty_companion.framework */; };
		B92F573026F8B0E4000A8F92 /* AppDelegate.swift in Sources */ = {isa = PBXBuildFile; fileRef = B92F572F26F8B0E4000A8F92 /* AppDelegate.swift */; };
		B92F573226F8B0E4000A8F92 /* SceneDelegate.swift in Sources */ = {isa = PBXBuildFile; fileRef = B92F573126F8B0E4000A8F92 /* SceneDelegate.swift */; };
		B92F573426F8B0E4000A8F92 /* ViewController.swift in Sources */ = {isa = PBXBuildFile; fileRef = B92F573326F8B0E4000A8F92 /* ViewController.swift */; };
		B92F573726F8B0E4000A8F92 /* Main.storyboard in Resources */ = {isa = PBXBuildFile; fileRef = B92F573526F8B0E4000A8F92 /* Main.storyboard */; };
		B92F573926F8B0E6000A8F92 /* Assets.xcassets in Resources */ = {isa = PBXBuildFile; fileRef = B92F573826F8B0E6000A8F92 /* Assets.xcassets */; };
		B92F573C26F8B0E6000A8F92 /* LaunchScreen.storyboard in Resources */ = {isa = PBXBuildFile; fileRef = B92F573A26F8B0E6000A8F92 /* LaunchScreen.storyboard */; };
		B95BB7C62700E23D001303E8 /* ProfileTVC.swift in Sources */ = {isa = PBXBuildFile; fileRef = B95BB7C52700E23D001303E8 /* ProfileTVC.swift */; };
		B99A55E826F90A6500C2F70A /* ProfileVC.swift in Sources */ = {isa = PBXBuildFile; fileRef = B99A55E726F90A6500C2F70A /* ProfileVC.swift */; };
		B9E43B7626FA211A0070A8E5 /* API.swift in Sources */ = {isa = PBXBuildFile; fileRef = B9E43B7526FA211A0070A8E5 /* API.swift */; };
/* End PBXBuildFile section */

/* Begin PBXFileReference section */
		323122F46024DA2F2177633A /* Pods-swifty-companion.release.xcconfig */ = {isa = PBXFileReference; includeInIndex = 1; lastKnownFileType = text.xcconfig; name = "Pods-swifty-companion.release.xcconfig"; path = "Target Support Files/Pods-swifty-companion/Pods-swifty-companion.release.xcconfig"; sourceTree = "<group>"; };
		4A12BC5342D1A5277F1B1886 /* Pods-swifty-companion.debug.xcconfig */ = {isa = PBXFileReference; includeInIndex = 1; lastKnownFileType = text.xcconfig; name = "Pods-swifty-companion.debug.xcconfig"; path = "Target Support Files/Pods-swifty-companion/Pods-swifty-companion.debug.xcconfig"; sourceTree = "<group>"; };
		B92F572C26F8B0E4000A8F92 /* swifty-companion.app */ = {isa = PBXFileReference; explicitFileType = wrapper.application; includeInIndex = 0; path = "swifty-companion.app"; sourceTree = BUILT_PRODUCTS_DIR; };
		B92F572F26F8B0E4000A8F92 /* AppDelegate.swift */ = {isa = PBXFileReference; lastKnownFileType = sourcecode.swift; path = AppDelegate.swift; sourceTree = "<group>"; };
		B92F573126F8B0E4000A8F92 /* SceneDelegate.swift */ = {isa = PBXFileReference; lastKnownFileType = sourcecode.swift; path = SceneDelegate.swift; sourceTree = "<group>"; };
		B92F573326F8B0E4000A8F92 /* ViewController.swift */ = {isa = PBXFileReference; lastKnownFileType = sourcecode.swift; path = ViewController.swift; sourceTree = "<group>"; };
		B92F573626F8B0E4000A8F92 /* Base */ = {isa = PBXFileReference; lastKnownFileType = file.storyboard; name = Base; path = Base.lproj/Main.storyboard; sourceTree = "<group>"; };
		B92F573826F8B0E6000A8F92 /* Assets.xcassets */ = {isa = PBXFileReference; lastKnownFileType = folder.assetcatalog; path = Assets.xcassets; sourceTree = "<group>"; };
		B92F573B26F8B0E6000A8F92 /* Base */ = {isa = PBXFileReference; lastKnownFileType = file.storyboard; name = Base; path = Base.lproj/LaunchScreen.storyboard; sourceTree = "<group>"; };
		B92F573D26F8B0E6000A8F92 /* Info.plist */ = {isa = PBXFileReference; lastKnownFileType = text.plist.xml; path = Info.plist; sourceTree = "<group>"; };
		B95BB7C52700E23D001303E8 /* ProfileTVC.swift */ = {isa = PBXFileReference; lastKnownFileType = sourcecode.swift; path = ProfileTVC.swift; sourceTree = "<group>"; };
		B99A55E726F90A6500C2F70A /* ProfileVC.swift */ = {isa = PBXFileReference; lastKnownFileType = sourcecode.swift; path = ProfileVC.swift; sourceTree = "<group>"; };
		B9E43B7526FA211A0070A8E5 /* API.swift */ = {isa = PBXFileReference; lastKnownFileType = sourcecode.swift; path = API.swift; sourceTree = "<group>"; };
		D3288ACE7CD2690D4F687633 /* Pods_swifty_companion.framework */ = {isa = PBXFileReference; explicitFileType = wrapper.framework; includeInIndex = 0; path = Pods_swifty_companion.framework; sourceTree = BUILT_PRODUCTS_DIR; };
/* End PBXFileReference section */

/* Begin PBXFrameworksBuildPhase section */
		B92F572926F8B0E4000A8F92 /* Frameworks */ = {
			isa = PBXFrameworksBuildPhase;
			buildActionMask = 2147483647;
			files = (
				987B8F562BFBD4BE962E5916 /* Pods_swifty_companion.framework in Frameworks */,
			);
			runOnlyForDeploymentPostprocessing = 0;
		};
/* End PBXFrameworksBuildPhase section */

/* Begin PBXGroup section */
		B92F572326F8B0E4000A8F92 = {
			isa = PBXGroup;
			children = (
				B92F572E26F8B0E4000A8F92 /* swifty-companion */,
				B92F572D26F8B0E4000A8F92 /* Products */,
				BBC5514F083ABC8EF2B170AB /* Pods */,
				C977486BA03A695D10E8C5AE /* Frameworks */,
			);
			sourceTree = "<group>";
		};
		B92F572D26F8B0E4000A8F92 /* Products */ = {
			isa = PBXGroup;
			children = (
				B92F572C26F8B0E4000A8F92 /* swifty-companion.app */,
			);
			name = Products;
			sourceTree = "<group>";
		};
		B92F572E26F8B0E4000A8F92 /* swifty-companion */ = {
			isa = PBXGroup;
			children = (
				B92F572F26F8B0E4000A8F92 /* AppDelegate.swift */,
				B92F573126F8B0E4000A8F92 /* SceneDelegate.swift */,
				B92F573326F8B0E4000A8F92 /* ViewController.swift */,
				B99A55E726F90A6500C2F70A /* ProfileVC.swift */,
				B9E43B7526FA211A0070A8E5 /* API.swift */,
				B92F573526F8B0E4000A8F92 /* Main.storyboard */,
				B92F573826F8B0E6000A8F92 /* Assets.xcassets */,
				B92F573A26F8B0E6000A8F92 /* LaunchScreen.storyboard */,
				B92F573D26F8B0E6000A8F92 /* Info.plist */,
				B95BB7C52700E23D001303E8 /* ProfileTVC.swift */,
			);
			path = "swifty-companion";
			sourceTree = "<group>";
		};
		BBC5514F083ABC8EF2B170AB /* Pods */ = {
			isa = PBXGroup;
			children = (
				4A12BC5342D1A5277F1B1886 /* Pods-swifty-companion.debug.xcconfig */,
				323122F46024DA2F2177633A /* Pods-swifty-companion.release.xcconfig */,
			);
			path = Pods;
			sourceTree = "<group>";
		};
		C977486BA03A695D10E8C5AE /* Frameworks */ = {
			isa = PBXGroup;
			children = (
				D3288ACE7CD2690D4F687633 /* Pods_swifty_companion.framework */,
			);
			name = Frameworks;
			sourceTree = "<group>";
		};
/* End PBXGroup section */

/* Begin PBXNativeTarget section */
		B92F572B26F8B0E4000A8F92 /* swifty-companion */ = {
			isa = PBXNativeTarget;
			buildConfigurationList = B92F574026F8B0E6000A8F92 /* Build configuration list for PBXNativeTarget "swifty-companion" */;
			buildPhases = (
				FE3DFDBA56A08A1816159CF3 /* [CP] Check Pods Manifest.lock */,
				B92F572826F8B0E4000A8F92 /* Sources */,
				B92F572926F8B0E4000A8F92 /* Frameworks */,
				B92F572A26F8B0E4000A8F92 /* Resources */,
				BF8371E4A6A120E2A888806A /* [CP] Embed Pods Frameworks */,
			);
			buildRules = (
			);
			dependencies = (
			);
			name = "swifty-companion";
			productName = "swifty-companion";
			productReference = B92F572C26F8B0E4000A8F92 /* swifty-companion.app */;
			productType = "com.apple.product-type.application";
		};
/* End PBXNativeTarget section */

/* Begin PBXProject section */
		B92F572426F8B0E4000A8F92 /* Project object */ = {
			isa = PBXProject;
			attributes = {
				LastSwiftUpdateCheck = 1130;
				LastUpgradeCheck = 1130;
				ORGANIZATIONNAME = "Yassir Bolles";
				TargetAttributes = {
					B92F572B26F8B0E4000A8F92 = {
						CreatedOnToolsVersion = 11.3.1;
					};
				};
			};
			buildConfigurationList = B92F572726F8B0E4000A8F92 /* Build configuration list for PBXProject "swifty-companion" */;
			compatibilityVersion = "Xcode 9.3";
			developmentRegion = en;
			hasScannedForEncodings = 0;
			knownRegions = (
				en,
				Base,
			);
			mainGroup = B92F572326F8B0E4000A8F92;
			productRefGroup = B92F572D26F8B0E4000A8F92 /* Products */;
			projectDirPath = "";
			projectRoot = "";
			targets = (
				B92F572B26F8B0E4000A8F92 /* swifty-companion */,
			);
		};
/* End PBXProject section */

/* Begin PBXResourcesBuildPhase section */
		B92F572A26F8B0E4000A8F92 /* Resources */ = {
			isa = PBXResourcesBuildPhase;
			buildActionMask = 2147483647;
			files = (
				B92F573C26F8B0E6000A8F92 /* LaunchScreen.storyboard in Resources */,
				B92F573926F8B0E6000A8F92 /* Assets.xcassets in Resources */,
				B92F573726F8B0E4000A8F92 /* Main.storyboard in Resources */,
			);
			runOnlyForDeploymentPostprocessing = 0;
		};
/* End PBXResourcesBuildPhase section */

/* Begin PBXShellScriptBuildPhase section */
		BF8371E4A6A120E2A888806A /* [CP] Embed Pods Frameworks */ = {
			isa = PBXShellScriptBuildPhase;
			buildActionMask = 2147483647;
			files = (
			);
			inputFileListPaths = (
				"${PODS_ROOT}/Target Support Files/Pods-swifty-companion/Pods-swifty-companion-frameworks-${CONFIGURATION}-input-files.xcfilelist",
			);
			name = "[CP] Embed Pods Frameworks";
			outputFileListPaths = (
				"${PODS_ROOT}/Target Support Files/Pods-swifty-companion/Pods-swifty-companion-frameworks-${CONFIGURATION}-output-files.xcfilelist",
			);
			runOnlyForDeploymentPostprocessing = 0;
			shellPath = /bin/sh;
			shellScript = "\"${PODS_ROOT}/Target Support Files/Pods-swifty-companion/Pods-swifty-companion-frameworks.sh\"\n";
			showEnvVarsInLog = 0;
		};
		FE3DFDBA56A08A1816159CF3 /* [CP] Check Pods Manifest.lock */ = {
			isa = PBXShellScriptBuildPhase;
			buildActionMask = 2147483647;
			files = (
			);
			inputFileListPaths = (
			);
			inputPaths = (
				"${PODS_PODFILE_DIR_PATH}/Podfile.lock",
				"${PODS_ROOT}/Manifest.lock",
			);
			name = "[CP] Check Pods Manifest.lock";
			outputFileListPaths = (
			);
			outputPaths = (
				"$(DERIVED_FILE_DIR)/Pods-swifty-companion-checkManifestLockResult.txt",
			);
			runOnlyForDeploymentPostprocessing = 0;
			shellPath = /bin/sh;
			shellScript = "diff \"${PODS_PODFILE_DIR_PATH}/Podfile.lock\" \"${PODS_ROOT}/Manifest.lock\" > /dev/null\nif [ $? != 0 ] ; then\n    # print error to STDERR\n    echo \"error: The sandbox is not in sync with the Podfile.lock. Run 'pod install' or update your CocoaPods installation.\" >&2\n    exit 1\nfi\n# This output is used by Xcode 'outputs' to avoid re-running this script phase.\necho \"SUCCESS\" > \"${SCRIPT_OUTPUT_FILE_0}\"\n";
			showEnvVarsInLog = 0;
		};
/* End PBXShellScriptBuildPhase section */

/* Begin PBXSourcesBuildPhase section */
		B92F572826F8B0E4000A8F92 /* Sources */ = {
			isa = PBXSourcesBuildPhase;
			buildActionMask = 2147483647;
			files = (
				B99A55E826F90A6500C2F70A /* ProfileVC.swift in Sources */,
				B92F573426F8B0E4000A8F92 /* ViewController.swift in Sources */,
				B92F573026F8B0E4000A8F92 /* AppDelegate.swift in Sources */,
				B95BB7C62700E23D001303E8 /* ProfileTVC.swift in Sources */,
				B92F573226F8B0E4000A8F92 /* SceneDelegate.swift in Sources */,
				B9E43B7626FA211A0070A8E5 /* API.swift in Sources */,
			);
			runOnlyForDeploymentPostprocessing = 0;
		};
/* End PBXSourcesBuildPhase section */

/* Begin PBXVariantGroup section */
		B92F573526F8B0E4000A8F92 /* Main.storyboard */ = {
			isa = PBXVariantGroup;
			children = (
				B92F573626F8B0E4000A8F92 /* Base */,
			);
			name = Main.storyboard;
			sourceTree = "<group>";
		};
		B92F573A26F8B0E6000A8F92 /* LaunchScreen.storyboard */ = {
			isa = PBXVariantGroup;
			children = (
				B92F573B26F8B0E6000A8F92 /* Base */,
			);
			name = LaunchScreen.storyboard;
			sourceTree = "<group>";
		};
/* End PBXVariantGroup section */

/* Begin XCBuildConfiguration section */
		B92F573E26F8B0E6000A8F92 /* Debug */ = {
			isa = XCBuildConfiguration;
			buildSettings = {
				ALWAYS_SEARCH_USER_PATHS = NO;
				CLANG_ANALYZER_NONNULL = YES;
				CLANG_ANALYZER_NUMBER_OBJECT_CONVERSION = YES_AGGRESSIVE;
				CLANG_CXX_LANGUAGE_STANDARD = "gnu++14";
				CLANG_CXX_LIBRARY = "libc++";
				CLANG_ENABLE_MODULES = YES;
				CLANG_ENABLE_OBJC_ARC = YES;
				CLANG_ENABLE_OBJC_WEAK = YES;
				CLANG_WARN_BLOCK_CAPTURE_AUTORELEASING = YES;
				CLANG_WARN_BOOL_CONVERSION = YES;
				CLANG_WARN_COMMA = YES;
				CLANG_WARN_CONSTANT_CONVERSION = YES;
				CLANG_WARN_DEPRECATED_OBJC_IMPLEMENTATIONS = YES;
				CLANG_WARN_DIRECT_OBJC_ISA_USAGE = YES_ERROR;
				CLANG_WARN_DOCUMENTATION_COMMENTS = YES;
				CLANG_WARN_EMPTY_BODY = YES;
				CLANG_WARN_ENUM_CONVERSION = YES;
				CLANG_WARN_INFINITE_RECURSION = YES;
				CLANG_WARN_INT_CONVERSION = YES;
				CLANG_WARN_NON_LITERAL_NULL_CONVERSION = YES;
				CLANG_WARN_OBJC_IMPLICIT_RETAIN_SELF = YES;
				CLANG_WARN_OBJC_LITERAL_CONVERSION = YES;
				CLANG_WARN_OBJC_ROOT_CLASS = YES_ERROR;
				CLANG_WARN_RANGE_LOOP_ANALYSIS = YES;
				CLANG_WARN_STRICT_PROTOTYPES = YES;
				CLANG_WARN_SUSPICIOUS_MOVE = YES;
				CLANG_WARN_UNGUARDED_AVAILABILITY = YES_AGGRESSIVE;
				CLANG_WARN_UNREACHABLE_CODE = YES;
				CLANG_WARN__DUPLICATE_METHOD_MATCH = YES;
				COPY_PHASE_STRIP = NO;
				DEBUG_INFORMATION_FORMAT = dwarf;
				ENABLE_STRICT_OBJC_MSGSEND = YES;
				ENABLE_TESTABILITY = YES;
				GCC_C_LANGUAGE_STANDARD = gnu11;
				GCC_DYNAMIC_NO_PIC = NO;
				GCC_NO_COMMON_BLOCKS = YES;
				GCC_OPTIMIZATION_LEVEL = 0;
				GCC_PREPROCESSOR_DEFINITIONS = (
					"DEBUG=1",
					"$(inherited)",
				);
				GCC_WARN_64_TO_32_BIT_CONVERSION = YES;
				GCC_WARN_ABOUT_RETURN_TYPE = YES_ERROR;
				GCC_WARN_UNDECLARED_SELECTOR = YES;
				GCC_WARN_UNINITIALIZED_AUTOS = YES_AGGRESSIVE;
				GCC_WARN_UNUSED_FUNCTION = YES;
				GCC_WARN_UNUSED_VARIABLE = YES;
				IPHONEOS_DEPLOYMENT_TARGET = 13.2;
				MTL_ENABLE_DEBUG_INFO = INCLUDE_SOURCE;
				MTL_FAST_MATH = YES;
				ONLY_ACTIVE_ARCH = YES;
				SDKROOT = iphoneos;
				SWIFT_ACTIVE_COMPILATION_CONDITIONS = DEBUG;
				SWIFT_OPTIMIZATION_LEVEL = "-Onone";
			};
			name = Debug;
		};
		B92F573F26F8B0E6000A8F92 /* Release */ = {
			isa = XCBuildConfiguration;
			buildSettings = {
				ALWAYS_SEARCH_USER_PATHS = NO;
				CLANG_ANALYZER_NONNULL = YES;
				CLANG_ANALYZER_NUMBER_OBJECT_CONVERSION = YES_AGGRESSIVE;
				CLANG_CXX_LANGUAGE_STANDARD = "gnu++14";
				CLANG_CXX_LIBRARY = "libc++";
				CLANG_ENABLE_MODULES = YES;
				CLANG_ENABLE_OBJC_ARC = YES;
				CLANG_ENABLE_OBJC_WEAK = YES;
				CLANG_WARN_BLOCK_CAPTURE_AUTORELEASING = YES;
				CLANG_WARN_BOOL_CONVERSION = YES;
				CLANG_WARN_COMMA = YES;
				CLANG_WARN_CONSTANT_CONVERSION = YES;
				CLANG_WARN_DEPRECATED_OBJC_IMPLEMENTATIONS = YES;
				CLANG_WARN_DIRECT_OBJC_ISA_USAGE = YES_ERROR;
				CLANG_WARN_DOCUMENTATION_COMMENTS = YES;
				CLANG_WARN_EMPTY_BODY = YES;
				CLANG_WARN_ENUM_CONVERSION = YES;
				CLANG_WARN_INFINITE_RECURSION = YES;
				CLANG_WARN_INT_CONVERSION = YES;
				CLANG_WARN_NON_LITERAL_NULL_CONVERSION = YES;
				CLANG_WARN_OBJC_IMPLICIT_RETAIN_SELF = YES;
				CLANG_WARN_OBJC_LITERAL_CONVERSION = YES;
				CLANG_WARN_OBJC_ROOT_CLASS = YES_ERROR;
				CLANG_WARN_RANGE_LOOP_ANALYSIS = YES;
				CLANG_WARN_STRICT_PROTOTYPES = YES;
				CLANG_WARN_SUSPICIOUS_MOVE = YES;
				CLANG_WARN_UNGUARDED_AVAILABILITY = YES_AGGRESSIVE;
				CLANG_WARN_UNREACHABLE_CODE = YES;
				CLANG_WARN__DUPLICATE_METHOD_MATCH = YES;
				COPY_PHASE_STRIP = NO;
				DEBUG_INFORMATION_FORMAT = "dwarf-with-dsym";
				ENABLE_NS_ASSERTIONS = NO;
				ENABLE_STRICT_OBJC_MSGSEND = YES;
				GCC_C_LANGUAGE_STANDARD = gnu11;
				GCC_NO_COMMON_BLOCKS = YES;
				GCC_WARN_64_TO_32_BIT_CONVERSION = YES;
				GCC_WARN_ABOUT_RETURN_TYPE = YES_ERROR;
				GCC_WARN_UNDECLARED_SELECTOR = YES;
				GCC_WARN_UNINITIALIZED_AUTOS = YES_AGGRESSIVE;
				GCC_WARN_UNUSED_FUNCTION = YES;
				GCC_WARN_UNUSED_VARIABLE = YES;
				IPHONEOS_DEPLOYMENT_TARGET = 13.2;
				MTL_ENABLE_DEBUG_INFO = NO;
				MTL_FAST_MATH = YES;
				SDKROOT = iphoneos;
				SWIFT_COMPILATION_MODE = wholemodule;
				SWIFT_OPTIMIZATION_LEVEL = "-O";
				VALIDATE_PRODUCT = YES;
			};
			name = Release;
		};
		B92F574126F8B0E6000A8F92 /* Debug */ = {
			isa = XCBuildConfiguration;
			baseConfigurationReference = 4A12BC5342D1A5277F1B1886 /* Pods-swifty-companion.debug.xcconfig */;
			buildSettings = {
				ASSETCATALOG_COMPILER_APPICON_NAME = AppIcon;
				CODE_SIGN_STYLE = Automatic;
				INFOPLIST_FILE = "swifty-companion/Info.plist";
				LD_RUNPATH_SEARCH_PATHS = (
					"$(inherited)",
					"@executable_path/Frameworks",
				);
				PRODUCT_BUNDLE_IDENTIFIER = "swifty-companion.swifty-companion";
				PRODUCT_NAME = "$(TARGET_NAME)";
				SWIFT_VERSION = 5.0;
				TARGETED_DEVICE_FAMILY = "1,2";
			};
			name = Debug;
		};
		B92F574226F8B0E6000A8F92 /* Release */ = {
			isa = XCBuildConfiguration;
			baseConfigurationReference = 323122F46024DA2F2177633A /* Pods-swifty-companion.release.xcconfig */;
			buildSettings = {
				ASSETCATALOG_COMPILER_APPICON_NAME = AppIcon;
				CODE_SIGN_STYLE = Automatic;
				INFOPLIST_FILE = "swifty-companion/Info.plist";
				LD_RUNPATH_SEARCH_PATHS = (
					"$(inherited)",
					"@executable_path/Frameworks",
				);
				PRODUCT_BUNDLE_IDENTIFIER = "swifty-companion.swifty-companion";
				PRODUCT_NAME = "$(TARGET_NAME)";
				SWIFT_VERSION = 5.0;
				TARGETED_DEVICE_FAMILY = "1,2";
			};
			name = Release;
		};
/* End XCBuildConfiguration section */

/* Begin XCConfigurationList section */
		B92F572726F8B0E4000A8F92 /* Build configuration list for PBXProject "swifty-companion" */ = {
			isa = XCConfigurationList;
			buildConfigurations = (
				B92F573E26F8B0E6000A8F92 /* Debug */,
				B92F573F26F8B0E6000A8F92 /* Release */,
			);
			defaultConfigurationIsVisible = 0;
			defaultConfigurationName = Release;
		};
		B92F574026F8B0E6000A8F92 /* Build configuration list for PBXNativeTarget "swifty-companion" */ = {
			isa = XCConfigurationList;
			buildConfigurations = (
				B92F574126F8B0E6000A8F92 /* Debug */,
				B92F574226F8B0E6000A8F92 /* Release */,
			);
			defaultConfigurationIsVisible = 0;
			defaultConfigurationName = Release;
		};
/* End XCConfigurationList section */
	};
	rootObject = B92F572426F8B0E4000A8F92 /* Project object */;
}
